
Microsoft Visual Studio Solution File, Format Version 12.00
# Visual Studio Version 17
VisualStudioVersion = 17.14.36518.9 d17.14
MinimumVisualStudioVersion = 10.0.40219.1
Project("{FAE04EC0-301F-11D3-BF4B-00C04F79EFBC}") = "ExamenAzureComicsPablo", "ExamenAzureComicsPablo\ExamenAzureComicsPablo.csproj", "{0C4D73FB-7963-4E06-ADBA-1468B2D3BE18}"
EndProject
Global
	GlobalSection(SolutionConfigurationPlatforms) = preSolution
		Debug|Any CPU = Debug|Any CPU
		Release|Any CPU = Release|Any CPU
	EndGlobalSection
	GlobalSection(ProjectConfigurationPlatforms) = postSolution
		{0C4D73FB-7963-4E06-ADBA-1468B2D3BE18}.Debug|Any CPU.ActiveCfg = Debug|Any CPU
		{0C4D73FB-7963-4E06-ADBA-1468B2D3BE18}.Debug|Any CPU.Build.0 = Debug|Any CPU
		{0C4D73FB-7963-4E06-ADBA-1468B2D3BE18}.Release|Any CPU.ActiveCfg = Release|Any CPU
		{0C4D73FB-7963-4E06-ADBA-1468B2D3BE18}.Release|Any CPU.Build.0 = Release|Any CPU
	EndGlobalSection
	GlobalSection(SolutionProperties) = preSolution
		HideSolutionNode = FALSE
	EndGlobalSection
	GlobalSection(ExtensibilityGlobals) = postSolution
		SolutionGuid = {FF6FDE67-7FA3-4A99-B9F7-3BC3A69649F5}
	EndGlobalSection
EndGlobal
